
Microsoft Visual Studio Solution File, Format Version 12.00
# Visual Studio Version 16
VisualStudioVersion = 16.0.29418.71
MinimumVisualStudioVersion = 10.0.40219.1
Project("{FAE04EC0-301F-11D3-BF4B-00C04F79EFBC}") = "GameServer", "GameServer\GameServer.csproj", "{14C4C94F-AF6B-42F8-8F10-5711771035C6}"
EndProject
Global
	GlobalSection(SolutionConfigurationPlatforms) = preSolution
		Debug|Any CPU = Debug|Any CPU
		Release|Any CPU = Release|Any CPU
	EndGlobalSection
	GlobalSection(ProjectConfigurationPlatforms) = postSolution
		{14C4C94F-AF6B-42F8-8F10-5711771035C6}.Debug|Any CPU.ActiveCfg = Debug|Any CPU
		{14C4C94F-AF6B-42F8-8F10-5711771035C6}.Debug|Any CPU.Build.0 = Debug|Any CPU
		{14C4C94F-AF6B-42F8-8F10-5711771035C6}.Release|Any CPU.ActiveCfg = Release|Any CPU
		{14C4C94F-AF6B-42F8-8F10-5711771035C6}.Release|Any CPU.Build.0 = Release|Any CPU
	EndGlobalSection
	GlobalSection(SolutionProperties) = preSolution
		HideSolutionNode = FALSE
	EndGlobalSection
	GlobalSection(ExtensibilityGlobals) = postSolution
		SolutionGuid = {C7BC5A3F-8447-44D3-9E75-20C3E54F4E0C}
	EndGlobalSection
EndGlobal
